// !$*UTF8*$!
{
	archiveVersion = 1;
	classes = {
	};
	objectVersion = 50;
	objects = {

/* Begin PBXBuildFile section */
		0B11CA72240F3EDD001B76A2 /* EncodeDecode.swift in Sources */ = {isa = PBXBuildFile; fileRef = 0B11CA71240F3EDD001B76A2 /* EncodeDecode.swift */; };
		0B11CA73240F3EDE001B76A2 /* EncodeDecode.swift in Sources */ = {isa = PBXBuildFile; fileRef = 0B11CA71240F3EDD001B76A2 /* EncodeDecode.swift */; };
		0B11CA75240F4035001B76A2 /* PolyWordsView.swift in Sources */ = {isa = PBXBuildFile; fileRef = 0B11CA74240F4035001B76A2 /* PolyWordsView.swift */; };
		0B11CA76240F4035001B76A2 /* PolyWordsView.swift in Sources */ = {isa = PBXBuildFile; fileRef = 0B11CA74240F4035001B76A2 /* PolyWordsView.swift */; };
		0B5DC9AC2405C52C00827383 /* wood_original.jpg in Resources */ = {isa = PBXBuildFile; fileRef = 0B5DC9AB2405C52C00827383 /* wood_original.jpg */; };
		0B5DC9AD2405C52C00827383 /* wood_original.jpg in Resources */ = {isa = PBXBuildFile; fileRef = 0B5DC9AB2405C52C00827383 /* wood_original.jpg */; };
		0B5DC9AF2405D25A00827383 /* Scene.swift in Sources */ = {isa = PBXBuildFile; fileRef = 0B5DC9AE2405D25A00827383 /* Scene.swift */; };
		0B5DC9B02405D25A00827383 /* Scene.swift in Sources */ = {isa = PBXBuildFile; fileRef = 0B5DC9AE2405D25A00827383 /* Scene.swift */; };
		0B5DC9B22405D26F00827383 /* TrackBall.swift in Sources */ = {isa = PBXBuildFile; fileRef = 0B5DC9B12405D26F00827383 /* TrackBall.swift */; };
		0B5DC9B32405D26F00827383 /* TrackBall.swift in Sources */ = {isa = PBXBuildFile; fileRef = 0B5DC9B12405D26F00827383 /* TrackBall.swift */; };
		0B5DC9B52405D27A00827383 /* GameScene.swift in Sources */ = {isa = PBXBuildFile; fileRef = 0B5DC9B42405D27900827383 /* GameScene.swift */; };
		0B5DC9B62405D27A00827383 /* GameScene.swift in Sources */ = {isa = PBXBuildFile; fileRef = 0B5DC9B42405D27900827383 /* GameScene.swift */; };
		0B5DC9B82405D28300827383 /* TitleScene.swift in Sources */ = {isa = PBXBuildFile; fileRef = 0B5DC9B72405D28300827383 /* TitleScene.swift */; };
		0B5DC9B92405D28300827383 /* TitleScene.swift in Sources */ = {isa = PBXBuildFile; fileRef = 0B5DC9B72405D28300827383 /* TitleScene.swift */; };
		0B5DC9BB2405D28C00827383 /* TitleIntegrator.swift in Sources */ = {isa = PBXBuildFile; fileRef = 0B5DC9BA2405D28C00827383 /* TitleIntegrator.swift */; };
		0B5DC9BC2405D28C00827383 /* TitleIntegrator.swift in Sources */ = {isa = PBXBuildFile; fileRef = 0B5DC9BA2405D28C00827383 /* TitleIntegrator.swift */; };
		0B5DC9BE2405D29F00827383 /* SQLiteDatabase.swift in Sources */ = {isa = PBXBuildFile; fileRef = 0B5DC9BD2405D29E00827383 /* SQLiteDatabase.swift */; };
		0B5DC9BF2405D29F00827383 /* SQLiteDatabase.swift in Sources */ = {isa = PBXBuildFile; fileRef = 0B5DC9BD2405D29E00827383 /* SQLiteDatabase.swift */; };
		0B5DC9C12405D2A400827383 /* Words.swift in Sources */ = {isa = PBXBuildFile; fileRef = 0B5DC9C02405D2A400827383 /* Words.swift */; };
		0B5DC9C22405D2A400827383 /* Words.swift in Sources */ = {isa = PBXBuildFile; fileRef = 0B5DC9C02405D2A400827383 /* Words.swift */; };
		0B5DC9C42405D37300827383 /* Renderable.swift in Sources */ = {isa = PBXBuildFile; fileRef = 0B5DC9C32405D37200827383 /* Renderable.swift */; };
		0B5DC9C52405D37300827383 /* Renderable.swift in Sources */ = {isa = PBXBuildFile; fileRef = 0B5DC9C32405D37200827383 /* Renderable.swift */; };
		0B5DC9C72405D38600827383 /* MyPolygon.swift in Sources */ = {isa = PBXBuildFile; fileRef = 0B5DC9C62405D38500827383 /* MyPolygon.swift */; };
		0B5DC9C82405D38600827383 /* MyPolygon.swift in Sources */ = {isa = PBXBuildFile; fileRef = 0B5DC9C62405D38500827383 /* MyPolygon.swift */; };
		0B5DC9CA2405D39800827383 /* Polyhedron.swift in Sources */ = {isa = PBXBuildFile; fileRef = 0B5DC9C92405D39800827383 /* Polyhedron.swift */; };
		0B5DC9CB2405D39800827383 /* Polyhedron.swift in Sources */ = {isa = PBXBuildFile; fileRef = 0B5DC9C92405D39800827383 /* Polyhedron.swift */; };
		0B5DC9CD2405D3C800827383 /* BasePolygon.swift in Sources */ = {isa = PBXBuildFile; fileRef = 0B5DC9CC2405D3C800827383 /* BasePolygon.swift */; };
		0B5DC9CE2405D3C800827383 /* BasePolygon.swift in Sources */ = {isa = PBXBuildFile; fileRef = 0B5DC9CC2405D3C800827383 /* BasePolygon.swift */; };
		0B5DC9DF2405D7A700827383 /* MetalTexture.swift in Sources */ = {isa = PBXBuildFile; fileRef = 0B5DC9DE2405D7A700827383 /* MetalTexture.swift */; };
		0B5DC9E02405D7A700827383 /* MetalTexture.swift in Sources */ = {isa = PBXBuildFile; fileRef = 0B5DC9DE2405D7A700827383 /* MetalTexture.swift */; };
		0B5DC9E92406020F00827383 /* Title1.obj in Resources */ = {isa = PBXBuildFile; fileRef = 0B5DC9E72406020F00827383 /* Title1.obj */; };
		0B5DC9EA2406020F00827383 /* Title1.obj in Resources */ = {isa = PBXBuildFile; fileRef = 0B5DC9E72406020F00827383 /* Title1.obj */; };
		0B5DC9EB2406020F00827383 /* Title1.mtl in Resources */ = {isa = PBXBuildFile; fileRef = 0B5DC9E82406020F00827383 /* Title1.mtl */; };
		0B5DC9EC2406020F00827383 /* Title1.mtl in Resources */ = {isa = PBXBuildFile; fileRef = 0B5DC9E82406020F00827383 /* Title1.mtl */; };
		0B5DC9F12406032900827383 /* Title2.obj in Resources */ = {isa = PBXBuildFile; fileRef = 0B5DC9ED2406032800827383 /* Title2.obj */; };
		0B5DC9F22406032900827383 /* Title2.obj in Resources */ = {isa = PBXBuildFile; fileRef = 0B5DC9ED2406032800827383 /* Title2.obj */; };
		0B5DC9F32406032900827383 /* Title5.obj in Resources */ = {isa = PBXBuildFile; fileRef = 0B5DC9EE2406032800827383 /* Title5.obj */; };
		0B5DC9F42406032900827383 /* Title5.obj in Resources */ = {isa = PBXBuildFile; fileRef = 0B5DC9EE2406032800827383 /* Title5.obj */; };
		0B5DC9F52406032900827383 /* Title3.obj in Resources */ = {isa = PBXBuildFile; fileRef = 0B5DC9EF2406032900827383 /* Title3.obj */; };
		0B5DC9F62406032900827383 /* Title3.obj in Resources */ = {isa = PBXBuildFile; fileRef = 0B5DC9EF2406032900827383 /* Title3.obj */; };
		0B5DC9F72406032900827383 /* Title4.obj in Resources */ = {isa = PBXBuildFile; fileRef = 0B5DC9F02406032900827383 /* Title4.obj */; };
		0B5DC9F82406032900827383 /* Title4.obj in Resources */ = {isa = PBXBuildFile; fileRef = 0B5DC9F02406032900827383 /* Title4.obj */; };
		0B5DC9FA24060E2200827383 /* TitleQuad.mtl in Resources */ = {isa = PBXBuildFile; fileRef = 0B5DC9F924060E2200827383 /* TitleQuad.mtl */; };
		0B5DC9FB24060E2200827383 /* TitleQuad.mtl in Resources */ = {isa = PBXBuildFile; fileRef = 0B5DC9F924060E2200827383 /* TitleQuad.mtl */; };
		0B5DC9FC2406C55800827383 /* Extensions.swift in Sources */ = {isa = PBXBuildFile; fileRef = 0B5DC9D82405D62100827383 /* Extensions.swift */; };
		0B5DC9FD2406C55800827383 /* Extensions.swift in Sources */ = {isa = PBXBuildFile; fileRef = 0B5DC9D82405D62100827383 /* Extensions.swift */; };
		0B5DCA012406F21800827383 /* BufferProvider.swift in Sources */ = {isa = PBXBuildFile; fileRef = 0B5DCA002406F21800827383 /* BufferProvider.swift */; };
		0B5DCA022406F21800827383 /* BufferProvider.swift in Sources */ = {isa = PBXBuildFile; fileRef = 0B5DCA002406F21800827383 /* BufferProvider.swift */; };
		0B62E95B240DC7CC006C7FE3 /* HighScores.swift in Sources */ = {isa = PBXBuildFile; fileRef = 0B62E95A240DC7CC006C7FE3 /* HighScores.swift */; };
		0B62E95C240DC7CC006C7FE3 /* HighScores.swift in Sources */ = {isa = PBXBuildFile; fileRef = 0B62E95A240DC7CC006C7FE3 /* HighScores.swift */; };
		0B62E95E240DC97D006C7FE3 /* AppController.swift in Sources */ = {isa = PBXBuildFile; fileRef = 0B7F55F9240973B000728B5B /* AppController.swift */; };
		0B62E960240DCA27006C7FE3 /* HighWords.swift in Sources */ = {isa = PBXBuildFile; fileRef = 0B62E95F240DCA27006C7FE3 /* HighWords.swift */; };
		0B62E961240DCA27006C7FE3 /* HighWords.swift in Sources */ = {isa = PBXBuildFile; fileRef = 0B62E95F240DCA27006C7FE3 /* HighWords.swift */; };
		0B7F55FB2409741100728B5B /* AppController.swift in Sources */ = {isa = PBXBuildFile; fileRef = 0B7F55F9240973B000728B5B /* AppController.swift */; };
		0B9286DB2411BD24008CAC19 /* PostScoreController.swift in Sources */ = {isa = PBXBuildFile; fileRef = 0B9286DA2411BD24008CAC19 /* PostScoreController.swift */; };
		0B946599240884AD0027864E /* GuideViewController.swift in Sources */ = {isa = PBXBuildFile; fileRef = 0B9465972408848D0027864E /* GuideViewController.swift */; };
		0B94659B24089C010027864E /* TestPolyhedron.mtl in Resources */ = {isa = PBXBuildFile; fileRef = 0B94659A24089C010027864E /* TestPolyhedron.mtl */; };
		0B94659C24089C010027864E /* TestPolyhedron.mtl in Resources */ = {isa = PBXBuildFile; fileRef = 0B94659A24089C010027864E /* TestPolyhedron.mtl */; };
		0B94659E24089C0E0027864E /* TestPolyhedron.obj in Resources */ = {isa = PBXBuildFile; fileRef = 0B94659D24089C0E0027864E /* TestPolyhedron.obj */; };
		0B94659F24089C0E0027864E /* TestPolyhedron.obj in Resources */ = {isa = PBXBuildFile; fileRef = 0B94659D24089C0E0027864E /* TestPolyhedron.obj */; };
		0B9465A62408BE450027864E /* GuideScrollerController.swift in Sources */ = {isa = PBXBuildFile; fileRef = 0B9465A42408BE440027864E /* GuideScrollerController.swift */; };
		0B9956942410016400F4D06F /* PullDataController.swift in Sources */ = {isa = PBXBuildFile; fileRef = 0B9956932410016400F4D06F /* PullDataController.swift */; };
		0B9956962410038A00F4D06F /* PauseDelegate.swift in Sources */ = {isa = PBXBuildFile; fileRef = 0B9956952410038A00F4D06F /* PauseDelegate.swift */; };
		0B99569824100B4E00F4D06F /* PushDataController.swift in Sources */ = {isa = PBXBuildFile; fileRef = 0B99569724100B4E00F4D06F /* PushDataController.swift */; };
		0B99569A2410589600F4D06F /* PolyWordsViewController.swift in Sources */ = {isa = PBXBuildFile; fileRef = 0B9956992410589600F4D06F /* PolyWordsViewController.swift */; };
		0B99569C24105CA800F4D06F /* Polygons.swift in Sources */ = {isa = PBXBuildFile; fileRef = 0B99569B24105CA800F4D06F /* Polygons.swift */; };
		0B9956A22410B66B00F4D06F /* WordsDB.swift in Sources */ = {isa = PBXBuildFile; fileRef = 0B9956A12410B66B00F4D06F /* WordsDB.swift */; };
		0B9956A42410CB6500F4D06F /* MyActionSheet.swift in Sources */ = {isa = PBXBuildFile; fileRef = 0B9956A32410CB6500F4D06F /* MyActionSheet.swift */; };
		0B9956A72410D49F00F4D06F /* UpgradeDelegate.swift in Sources */ = {isa = PBXBuildFile; fileRef = 0B9956A52410D1FB00F4D06F /* UpgradeDelegate.swift */; };
		0BB446642407636E0006E805 /* WordsViewController.swift in Sources */ = {isa = PBXBuildFile; fileRef = 0BB446622407636D0006E805 /* WordsViewController.swift */; };
		0BB4466624077C9A0006E805 /* WordsViewController2.swift in Sources */ = {isa = PBXBuildFile; fileRef = 0BB4466524077C9A0006E805 /* WordsViewController2.swift */; };
		130EDE7422C9C21C00288A31 /* chest.obj in Resources */ = {isa = PBXBuildFile; fileRef = 130EDE6E22C9C21B00288A31 /* chest.obj */; };
		130EDE7522C9C21C00288A31 /* chest.obj in Resources */ = {isa = PBXBuildFile; fileRef = 130EDE6E22C9C21B00288A31 /* chest.obj */; };
		130EDE7A22C9C21C00288A31 /* chest.mtl in Resources */ = {isa = PBXBuildFile; fileRef = 130EDE7122C9C21B00288A31 /* chest.mtl */; };
		130EDE7B22C9C21C00288A31 /* chest.mtl in Resources */ = {isa = PBXBuildFile; fileRef = 130EDE7122C9C21B00288A31 /* chest.mtl */; };
		130EDE7C22C9C21C00288A31 /* license.txt in Resources */ = {isa = PBXBuildFile; fileRef = 130EDE7222C9C21B00288A31 /* license.txt */; };
		130EDE7D22C9C21C00288A31 /* license.txt in Resources */ = {isa = PBXBuildFile; fileRef = 130EDE7222C9C21B00288A31 /* license.txt */; };
		130F080C22C4343D001B7909 /* Node.swift in Sources */ = {isa = PBXBuildFile; fileRef = 130F080B22C4343D001B7909 /* Node.swift */; };
		130F080D22C4343D001B7909 /* Node.swift in Sources */ = {isa = PBXBuildFile; fileRef = 130F080B22C4343D001B7909 /* Node.swift */; };
		130F080F22C434CF001B7909 /* Camera.swift in Sources */ = {isa = PBXBuildFile; fileRef = 130F080E22C434CF001B7909 /* Camera.swift */; };
		130F081022C434CF001B7909 /* Camera.swift in Sources */ = {isa = PBXBuildFile; fileRef = 130F080E22C434CF001B7909 /* Camera.swift */; };
		130F081222C4352D001B7909 /* Model.swift in Sources */ = {isa = PBXBuildFile; fileRef = 130F081122C4352D001B7909 /* Model.swift */; };
		130F081322C4352D001B7909 /* Model.swift in Sources */ = {isa = PBXBuildFile; fileRef = 130F081122C4352D001B7909 /* Model.swift */; };
		130F081522C43563001B7909 /* Mesh.swift in Sources */ = {isa = PBXBuildFile; fileRef = 130F081422C43563001B7909 /* Mesh.swift */; };
		130F081622C43563001B7909 /* Mesh.swift in Sources */ = {isa = PBXBuildFile; fileRef = 130F081422C43563001B7909 /* Mesh.swift */; };
		130F081822C435A0001B7909 /* Submesh.swift in Sources */ = {isa = PBXBuildFile; fileRef = 130F081722C435A0001B7909 /* Submesh.swift */; };
		130F081922C435A0001B7909 /* Submesh.swift in Sources */ = {isa = PBXBuildFile; fileRef = 130F081722C435A0001B7909 /* Submesh.swift */; };
		130F081B22C436F9001B7909 /* VertexDescriptor.swift in Sources */ = {isa = PBXBuildFile; fileRef = 130F081A22C436F9001B7909 /* VertexDescriptor.swift */; };
		130F081C22C436F9001B7909 /* VertexDescriptor.swift in Sources */ = {isa = PBXBuildFile; fileRef = 130F081A22C436F9001B7909 /* VertexDescriptor.swift */; };
		130F082A22C43C57001B7909 /* ViewControllerExtension.swift in Sources */ = {isa = PBXBuildFile; fileRef = 130F082922C43C57001B7909 /* ViewControllerExtension.swift */; };
		130F082D22C43CC8001B7909 /* ViewControllerExtension.swift in Sources */ = {isa = PBXBuildFile; fileRef = 130F082C22C43CC8001B7909 /* ViewControllerExtension.swift */; };
		1384A37322C1B388006036BA /* LocalClasses.swift in Sources */ = {isa = PBXBuildFile; fileRef = 1384A37222C1B388006036BA /* LocalClasses.swift */; };
		1384A37522C1B389006036BA /* Assets.xcassets in Resources */ = {isa = PBXBuildFile; fileRef = 1384A37422C1B389006036BA /* Assets.xcassets */; };
		1384A37822C1B389006036BA /* Main.storyboard in Resources */ = {isa = PBXBuildFile; fileRef = 1384A37622C1B389006036BA /* Main.storyboard */; };
		1384A38122C1B3C2006036BA /* ViewController.swift in Sources */ = {isa = PBXBuildFile; fileRef = 1384A38022C1B3C2006036BA /* ViewController.swift */; };
		1384A38922C1B53E006036BA /* Renderer.swift in Sources */ = {isa = PBXBuildFile; fileRef = 1384A38822C1B53E006036BA /* Renderer.swift */; };
		1384A38B22C1BA95006036BA /* Primitive.swift in Sources */ = {isa = PBXBuildFile; fileRef = 1384A38A22C1BA95006036BA /* Primitive.swift */; };
		1384A38D22C1BE70006036BA /* Shaders.metal in Sources */ = {isa = PBXBuildFile; fileRef = 1384A38C22C1BE70006036BA /* Shaders.metal */; };
		1384A3E322C1F04B006036BA /* Main.storyboard in Resources */ = {isa = PBXBuildFile; fileRef = 1384A3E122C1F04B006036BA /* Main.storyboard */; };
		1384A3E522C1F04D006036BA /* Assets.xcassets in Resources */ = {isa = PBXBuildFile; fileRef = 1384A3E422C1F04D006036BA /* Assets.xcassets */; };
		1384A3E822C1F04D006036BA /* LaunchScreen.storyboard in Resources */ = {isa = PBXBuildFile; fileRef = 1384A3E622C1F04D006036BA /* LaunchScreen.storyboard */; };
		1384A3EE22C1F0A7006036BA /* LocalClasses.swift in Sources */ = {isa = PBXBuildFile; fileRef = 1384A3ED22C1F0A7006036BA /* LocalClasses.swift */; };
		1384A3EF22C1F11D006036BA /* ViewController.swift in Sources */ = {isa = PBXBuildFile; fileRef = 1384A38022C1B3C2006036BA /* ViewController.swift */; };
		1384A3F022C1F12A006036BA /* Renderer.swift in Sources */ = {isa = PBXBuildFile; fileRef = 1384A38822C1B53E006036BA /* Renderer.swift */; };
		1384A3F122C1F12C006036BA /* Shaders.metal in Sources */ = {isa = PBXBuildFile; fileRef = 1384A38C22C1BE70006036BA /* Shaders.metal */; };
		1384A3F222C1F12E006036BA /* Primitive.swift in Sources */ = {isa = PBXBuildFile; fileRef = 1384A38A22C1BA95006036BA /* Primitive.swift */; };
		139D235322C851DC00C6DB03 /* Texturable.swift in Sources */ = {isa = PBXBuildFile; fileRef = 139D235222C851DC00C6DB03 /* Texturable.swift */; };
		139D235422C851DC00C6DB03 /* Texturable.swift in Sources */ = {isa = PBXBuildFile; fileRef = 139D235222C851DC00C6DB03 /* Texturable.swift */; };
		139D235622C86C1E00C6DB03 /* Textures.xcassets in Resources */ = {isa = PBXBuildFile; fileRef = 139D235522C86C1E00C6DB03 /* Textures.xcassets */; };
		139D235722C86C1E00C6DB03 /* Textures.xcassets in Resources */ = {isa = PBXBuildFile; fileRef = 139D235522C86C1E00C6DB03 /* Textures.xcassets */; };
		13A7ABC522C2374400609310 /* MathLibrary.swift in Sources */ = {isa = PBXBuildFile; fileRef = 13A7ABC422C2374400609310 /* MathLibrary.swift */; };
		13A7ABC622C2374400609310 /* MathLibrary.swift in Sources */ = {isa = PBXBuildFile; fileRef = 13A7ABC422C2374400609310 /* MathLibrary.swift */; };
		13E3142222C977F000E0B48D /* cottage1.mtl in Resources */ = {isa = PBXBuildFile; fileRef = 13E3141C22C977F000E0B48D /* cottage1.mtl */; };
		13E3142322C977F000E0B48D /* cottage1.mtl in Resources */ = {isa = PBXBuildFile; fileRef = 13E3141C22C977F000E0B48D /* cottage1.mtl */; };
		13E3142422C977F000E0B48D /* cube.obj in Resources */ = {isa = PBXBuildFile; fileRef = 13E3141D22C977F000E0B48D /* cube.obj */; };
		13E3142522C977F000E0B48D /* cube.obj in Resources */ = {isa = PBXBuildFile; fileRef = 13E3141D22C977F000E0B48D /* cube.obj */; };
		13E3142622C977F000E0B48D /* cube.mtl in Resources */ = {isa = PBXBuildFile; fileRef = 13E3141E22C977F000E0B48D /* cube.mtl */; };
		13E3142722C977F000E0B48D /* cube.mtl in Resources */ = {isa = PBXBuildFile; fileRef = 13E3141E22C977F000E0B48D /* cube.mtl */; };
		13E3142822C977F000E0B48D /* cottage1.obj in Resources */ = {isa = PBXBuildFile; fileRef = 13E3141F22C977F000E0B48D /* cottage1.obj */; };
		13E3142922C977F000E0B48D /* cottage1.obj in Resources */ = {isa = PBXBuildFile; fileRef = 13E3141F22C977F000E0B48D /* cottage1.obj */; };
		13E3142A22C977F000E0B48D /* cottage2.obj in Resources */ = {isa = PBXBuildFile; fileRef = 13E3142022C977F000E0B48D /* cottage2.obj */; };
		13E3142B22C977F000E0B48D /* cottage2.obj in Resources */ = {isa = PBXBuildFile; fileRef = 13E3142022C977F000E0B48D /* cottage2.obj */; };
		13E3142C22C977F000E0B48D /* cottage2.mtl in Resources */ = {isa = PBXBuildFile; fileRef = 13E3142122C977F000E0B48D /* cottage2.mtl */; };
		13E3142D22C977F000E0B48D /* cottage2.mtl in Resources */ = {isa = PBXBuildFile; fileRef = 13E3142122C977F000E0B48D /* cottage2.mtl */; };
		13EBBB3F22C6FDA500230D2B /* Lighting.swift in Sources */ = {isa = PBXBuildFile; fileRef = 13EBBB3E22C6FDA500230D2B /* Lighting.swift */; };
		13EBBB4022C6FDA500230D2B /* Lighting.swift in Sources */ = {isa = PBXBuildFile; fileRef = 13EBBB3E22C6FDA500230D2B /* Lighting.swift */; };
/* End PBXBuildFile section */

/* Begin PBXFileReference section */
		0B11CA70240F35F1001B76A2 /* AppConstants.swift */ = {isa = PBXFileReference; lastKnownFileType = sourcecode.swift; path = AppConstants.swift; sourceTree = "<group>"; };
		0B11CA71240F3EDD001B76A2 /* EncodeDecode.swift */ = {isa = PBXFileReference; lastKnownFileType = sourcecode.swift; path = EncodeDecode.swift; sourceTree = "<group>"; };
		0B11CA74240F4035001B76A2 /* PolyWordsView.swift */ = {isa = PBXFileReference; lastKnownFileType = sourcecode.swift; path = PolyWordsView.swift; sourceTree = "<group>"; };
		0B5DC9AB2405C52C00827383 /* wood_original.jpg */ = {isa = PBXFileReference; lastKnownFileType = image.jpeg; path = wood_original.jpg; sourceTree = "<group>"; };
		0B5DC9AE2405D25A00827383 /* Scene.swift */ = {isa = PBXFileReference; fileEncoding = 4; lastKnownFileType = sourcecode.swift; path = Scene.swift; sourceTree = "<group>"; };
		0B5DC9B12405D26F00827383 /* TrackBall.swift */ = {isa = PBXFileReference; fileEncoding = 4; lastKnownFileType = sourcecode.swift; path = TrackBall.swift; sourceTree = "<group>"; };
		0B5DC9B42405D27900827383 /* GameScene.swift */ = {isa = PBXFileReference; fileEncoding = 4; lastKnownFileType = sourcecode.swift; path = GameScene.swift; sourceTree = "<group>"; };
		0B5DC9B72405D28300827383 /* TitleScene.swift */ = {isa = PBXFileReference; fileEncoding = 4; lastKnownFileType = sourcecode.swift; path = TitleScene.swift; sourceTree = "<group>"; };
		0B5DC9BA2405D28C00827383 /* TitleIntegrator.swift */ = {isa = PBXFileReference; fileEncoding = 4; lastKnownFileType = sourcecode.swift; path = TitleIntegrator.swift; sourceTree = "<group>"; };
		0B5DC9BD2405D29E00827383 /* SQLiteDatabase.swift */ = {isa = PBXFileReference; fileEncoding = 4; lastKnownFileType = sourcecode.swift; path = SQLiteDatabase.swift; sourceTree = "<group>"; };
		0B5DC9C02405D2A400827383 /* Words.swift */ = {isa = PBXFileReference; fileEncoding = 4; lastKnownFileType = sourcecode.swift; path = Words.swift; sourceTree = "<group>"; };
		0B5DC9C32405D37200827383 /* Renderable.swift */ = {isa = PBXFileReference; fileEncoding = 4; lastKnownFileType = sourcecode.swift; path = Renderable.swift; sourceTree = "<group>"; };
		0B5DC9C62405D38500827383 /* MyPolygon.swift */ = {isa = PBXFileReference; fileEncoding = 4; lastKnownFileType = sourcecode.swift; path = MyPolygon.swift; sourceTree = "<group>"; };
		0B5DC9C92405D39800827383 /* Polyhedron.swift */ = {isa = PBXFileReference; fileEncoding = 4; lastKnownFileType = sourcecode.swift; path = Polyhedron.swift; sourceTree = "<group>"; };
		0B5DC9CC2405D3C800827383 /* BasePolygon.swift */ = {isa = PBXFileReference; fileEncoding = 4; lastKnownFileType = sourcecode.swift; path = BasePolygon.swift; sourceTree = "<group>"; };
		0B5DC9D82405D62100827383 /* Extensions.swift */ = {isa = PBXFileReference; fileEncoding = 4; lastKnownFileType = sourcecode.swift; path = Extensions.swift; sourceTree = "<group>"; };
		0B5DC9DE2405D7A700827383 /* MetalTexture.swift */ = {isa = PBXFileReference; fileEncoding = 4; lastKnownFileType = sourcecode.swift; path = MetalTexture.swift; sourceTree = "<group>"; };
		0B5DC9E42405F47F00827383 /* ViewController2.swift */ = {isa = PBXFileReference; fileEncoding = 4; lastKnownFileType = sourcecode.swift; path = ViewController2.swift; sourceTree = "<group>"; };
		0B5DC9E72406020F00827383 /* Title1.obj */ = {isa = PBXFileReference; fileEncoding = 4; lastKnownFileType = text; path = Title1.obj; sourceTree = "<group>"; };
		0B5DC9E82406020F00827383 /* Title1.mtl */ = {isa = PBXFileReference; fileEncoding = 4; lastKnownFileType = text; path = Title1.mtl; sourceTree = "<group>"; };
		0B5DC9ED2406032800827383 /* Title2.obj */ = {isa = PBXFileReference; fileEncoding = 4; lastKnownFileType = text; path = Title2.obj; sourceTree = "<group>"; };
		0B5DC9EE2406032800827383 /* Title5.obj */ = {isa = PBXFileReference; fileEncoding = 4; lastKnownFileType = text; path = Title5.obj; sourceTree = "<group>"; };
		0B5DC9EF2406032900827383 /* Title3.obj */ = {isa = PBXFileReference; fileEncoding = 4; lastKnownFileType = text; path = Title3.obj; sourceTree = "<group>"; };
		0B5DC9F02406032900827383 /* Title4.obj */ = {isa = PBXFileReference; fileEncoding = 4; lastKnownFileType = text; path = Title4.obj; sourceTree = "<group>"; };
		0B5DC9F924060E2200827383 /* TitleQuad.mtl */ = {isa = PBXFileReference; fileEncoding = 4; lastKnownFileType = text; path = TitleQuad.mtl; sourceTree = "<group>"; };
		0B5DCA002406F21800827383 /* BufferProvider.swift */ = {isa = PBXFileReference; fileEncoding = 4; lastKnownFileType = sourcecode.swift; path = BufferProvider.swift; sourceTree = "<group>"; };
		0B62E95A240DC7CC006C7FE3 /* HighScores.swift */ = {isa = PBXFileReference; lastKnownFileType = sourcecode.swift; path = HighScores.swift; sourceTree = "<group>"; };
		0B62E95F240DCA27006C7FE3 /* HighWords.swift */ = {isa = PBXFileReference; lastKnownFileType = sourcecode.swift; path = HighWords.swift; sourceTree = "<group>"; };
		0B7F55F62409682300728B5B /* LongScoreView.swift */ = {isa = PBXFileReference; lastKnownFileType = sourcecode.swift; path = LongScoreView.swift; sourceTree = "<group>"; };
		0B7F55F9240973B000728B5B /* AppController.swift */ = {isa = PBXFileReference; lastKnownFileType = sourcecode.swift; path = AppController.swift; sourceTree = "<group>"; };
		0B9286DA2411BD24008CAC19 /* PostScoreController.swift */ = {isa = PBXFileReference; lastKnownFileType = sourcecode.swift; path = PostScoreController.swift; sourceTree = "<group>"; };
		0B9465972408848D0027864E /* GuideViewController.swift */ = {isa = PBXFileReference; lastKnownFileType = sourcecode.swift; path = GuideViewController.swift; sourceTree = "<group>"; };
		0B94659A24089C010027864E /* TestPolyhedron.mtl */ = {isa = PBXFileReference; fileEncoding = 4; lastKnownFileType = text; name = TestPolyhedron.mtl; path = ../../../TestPolyhedron.mtl; sourceTree = "<group>"; };
		0B94659D24089C0E0027864E /* TestPolyhedron.obj */ = {isa = PBXFileReference; fileEncoding = 4; lastKnownFileType = text; name = TestPolyhedron.obj; path = ../../../TestPolyhedron.obj; sourceTree = "<group>"; };
		0B9465A42408BE440027864E /* GuideScrollerController.swift */ = {isa = PBXFileReference; lastKnownFileType = sourcecode.swift; path = GuideScrollerController.swift; sourceTree = "<group>"; };
		0B9956932410016400F4D06F /* PullDataController.swift */ = {isa = PBXFileReference; lastKnownFileType = sourcecode.swift; path = PullDataController.swift; sourceTree = "<group>"; };
		0B9956952410038A00F4D06F /* PauseDelegate.swift */ = {isa = PBXFileReference; lastKnownFileType = sourcecode.swift; path = PauseDelegate.swift; sourceTree = "<group>"; };
		0B99569724100B4E00F4D06F /* PushDataController.swift */ = {isa = PBXFileReference; lastKnownFileType = sourcecode.swift; path = PushDataController.swift; sourceTree = "<group>"; };
		0B9956992410589600F4D06F /* PolyWordsViewController.swift */ = {isa = PBXFileReference; lastKnownFileType = sourcecode.swift; path = PolyWordsViewController.swift; sourceTree = "<group>"; };
		0B99569B24105CA800F4D06F /* Polygons.swift */ = {isa = PBXFileReference; lastKnownFileType = sourcecode.swift; path = Polygons.swift; sourceTree = "<group>"; };
		0B9956A12410B66B00F4D06F /* WordsDB.swift */ = {isa = PBXFileReference; lastKnownFileType = sourcecode.swift; path = WordsDB.swift; sourceTree = "<group>"; };
		0B9956A32410CB6500F4D06F /* MyActionSheet.swift */ = {isa = PBXFileReference; lastKnownFileType = sourcecode.swift; path = MyActionSheet.swift; sourceTree = "<group>"; };
		0B9956A52410D1FB00F4D06F /* UpgradeDelegate.swift */ = {isa = PBXFileReference; lastKnownFileType = sourcecode.swift; path = UpgradeDelegate.swift; sourceTree = "<group>"; };
		0BB446622407636D0006E805 /* WordsViewController.swift */ = {isa = PBXFileReference; fileEncoding = 4; lastKnownFileType = sourcecode.swift; path = WordsViewController.swift; sourceTree = "<group>"; };
		0BB4466524077C9A0006E805 /* WordsViewController2.swift */ = {isa = PBXFileReference; lastKnownFileType = sourcecode.swift; path = WordsViewController2.swift; sourceTree = "<group>"; };
		130EDE6A22C9BE9100288A31 /* PBR.metal */ = {isa = PBXFileReference; fileEncoding = 4; lastKnownFileType = sourcecode.metal; path = PBR.metal; sourceTree = "<group>"; };
		130EDE6E22C9C21B00288A31 /* chest.obj */ = {isa = PBXFileReference; fileEncoding = 4; lastKnownFileType = text; path = chest.obj; sourceTree = "<group>"; };
		130EDE7122C9C21B00288A31 /* chest.mtl */ = {isa = PBXFileReference; fileEncoding = 4; lastKnownFileType = text; path = chest.mtl; sourceTree = "<group>"; };
		130EDE7222C9C21B00288A31 /* license.txt */ = {isa = PBXFileReference; fileEncoding = 4; lastKnownFileType = text; path = license.txt; sourceTree = "<group>"; };
		130F080B22C4343D001B7909 /* Node.swift */ = {isa = PBXFileReference; lastKnownFileType = sourcecode.swift; path = Node.swift; sourceTree = "<group>"; };
		130F080E22C434CF001B7909 /* Camera.swift */ = {isa = PBXFileReference; lastKnownFileType = sourcecode.swift; path = Camera.swift; sourceTree = "<group>"; };
		130F081122C4352D001B7909 /* Model.swift */ = {isa = PBXFileReference; lastKnownFileType = sourcecode.swift; path = Model.swift; sourceTree = "<group>"; };
		130F081422C43563001B7909 /* Mesh.swift */ = {isa = PBXFileReference; lastKnownFileType = sourcecode.swift; path = Mesh.swift; sourceTree = "<group>"; };
		130F081722C435A0001B7909 /* Submesh.swift */ = {isa = PBXFileReference; lastKnownFileType = sourcecode.swift; path = Submesh.swift; sourceTree = "<group>"; };
		130F081A22C436F9001B7909 /* VertexDescriptor.swift */ = {isa = PBXFileReference; lastKnownFileType = sourcecode.swift; path = VertexDescriptor.swift; sourceTree = "<group>"; };
		130F082922C43C57001B7909 /* ViewControllerExtension.swift */ = {isa = PBXFileReference; lastKnownFileType = sourcecode.swift; path = ViewControllerExtension.swift; sourceTree = "<group>"; };
		130F082C22C43CC8001B7909 /* ViewControllerExtension.swift */ = {isa = PBXFileReference; lastKnownFileType = sourcecode.swift; path = ViewControllerExtension.swift; sourceTree = "<group>"; };
		1384A36F22C1B388006036BA /* PolyWords-macOS.app */ = {isa = PBXFileReference; explicitFileType = wrapper.application; includeInIndex = 0; path = "PolyWords-macOS.app"; sourceTree = BUILT_PRODUCTS_DIR; };
		1384A37222C1B388006036BA /* LocalClasses.swift */ = {isa = PBXFileReference; lastKnownFileType = sourcecode.swift; path = LocalClasses.swift; sourceTree = "<group>"; };
		1384A37422C1B389006036BA /* Assets.xcassets */ = {isa = PBXFileReference; lastKnownFileType = folder.assetcatalog; path = Assets.xcassets; sourceTree = "<group>"; };
		1384A37722C1B389006036BA /* Base */ = {isa = PBXFileReference; lastKnownFileType = file.storyboard; name = Base; path = Base.lproj/Main.storyboard; sourceTree = "<group>"; };
		1384A37922C1B389006036BA /* Info.plist */ = {isa = PBXFileReference; lastKnownFileType = text.plist.xml; path = Info.plist; sourceTree = "<group>"; };
		1384A37A22C1B389006036BA /* Materials.entitlements */ = {isa = PBXFileReference; lastKnownFileType = text.plist.entitlements; path = Materials.entitlements; sourceTree = "<group>"; };
		1384A38022C1B3C2006036BA /* ViewController.swift */ = {isa = PBXFileReference; lastKnownFileType = sourcecode.swift; path = ViewController.swift; sourceTree = "<group>"; };
		1384A38822C1B53E006036BA /* Renderer.swift */ = {isa = PBXFileReference; lastKnownFileType = sourcecode.swift; path = Renderer.swift; sourceTree = "<group>"; };
		1384A38A22C1BA95006036BA /* Primitive.swift */ = {isa = PBXFileReference; lastKnownFileType = sourcecode.swift; path = Primitive.swift; sourceTree = "<group>"; };
		1384A38C22C1BE70006036BA /* Shaders.metal */ = {isa = PBXFileReference; lastKnownFileType = sourcecode.metal; path = Shaders.metal; sourceTree = "<group>"; };
		1384A3D922C1F04B006036BA /* PolyWords-iOS.app */ = {isa = PBXFileReference; explicitFileType = wrapper.application; includeInIndex = 0; path = "PolyWords-iOS.app"; sourceTree = BUILT_PRODUCTS_DIR; };
		1384A3E222C1F04B006036BA /* Base */ = {isa = PBXFileReference; lastKnownFileType = file.storyboard; name = Base; path = Base.lproj/Main.storyboard; sourceTree = "<group>"; };
		1384A3E422C1F04D006036BA /* Assets.xcassets */ = {isa = PBXFileReference; lastKnownFileType = folder.assetcatalog; path = Assets.xcassets; sourceTree = "<group>"; };
		1384A3E722C1F04D006036BA /* Base */ = {isa = PBXFileReference; lastKnownFileType = file.storyboard; name = Base; path = Base.lproj/LaunchScreen.storyboard; sourceTree = "<group>"; };
		1384A3E922C1F04D006036BA /* Info.plist */ = {isa = PBXFileReference; lastKnownFileType = text.plist.xml; path = Info.plist; sourceTree = "<group>"; };
		1384A3ED22C1F0A7006036BA /* LocalClasses.swift */ = {isa = PBXFileReference; lastKnownFileType = sourcecode.swift; path = LocalClasses.swift; sourceTree = "<group>"; };
		139D235222C851DC00C6DB03 /* Texturable.swift */ = {isa = PBXFileReference; lastKnownFileType = sourcecode.swift; path = Texturable.swift; sourceTree = "<group>"; };
		139D235522C86C1E00C6DB03 /* Textures.xcassets */ = {isa = PBXFileReference; lastKnownFileType = folder.assetcatalog; path = Textures.xcassets; sourceTree = "<group>"; };
		13A7ABC422C2374400609310 /* MathLibrary.swift */ = {isa = PBXFileReference; fileEncoding = 4; lastKnownFileType = sourcecode.swift; path = MathLibrary.swift; sourceTree = "<group>"; };
		13E3141C22C977F000E0B48D /* cottage1.mtl */ = {isa = PBXFileReference; fileEncoding = 4; lastKnownFileType = text; path = cottage1.mtl; sourceTree = "<group>"; };
		13E3141D22C977F000E0B48D /* cube.obj */ = {isa = PBXFileReference; fileEncoding = 4; lastKnownFileType = text; path = cube.obj; sourceTree = "<group>"; };
		13E3141E22C977F000E0B48D /* cube.mtl */ = {isa = PBXFileReference; fileEncoding = 4; lastKnownFileType = text; path = cube.mtl; sourceTree = "<group>"; };
		13E3141F22C977F000E0B48D /* cottage1.obj */ = {isa = PBXFileReference; fileEncoding = 4; lastKnownFileType = text; path = cottage1.obj; sourceTree = "<group>"; };
		13E3142022C977F000E0B48D /* cottage2.obj */ = {isa = PBXFileReference; fileEncoding = 4; lastKnownFileType = text; path = cottage2.obj; sourceTree = "<group>"; };
		13E3142122C977F000E0B48D /* cottage2.mtl */ = {isa = PBXFileReference; fileEncoding = 4; lastKnownFileType = text; path = cottage2.mtl; sourceTree = "<group>"; };
		13EBBB3E22C6FDA500230D2B /* Lighting.swift */ = {isa = PBXFileReference; lastKnownFileType = sourcecode.swift; path = Lighting.swift; sourceTree = "<group>"; };
/* End PBXFileReference section */

/* Begin PBXFrameworksBuildPhase section */
		1384A36C22C1B388006036BA /* Frameworks */ = {
			isa = PBXFrameworksBuildPhase;
			buildActionMask = 2147483647;
			files = (
			);
			runOnlyForDeploymentPostprocessing = 0;
		};
		1384A3D622C1F04B006036BA /* Frameworks */ = {
			isa = PBXFrameworksBuildPhase;
			buildActionMask = 2147483647;
			files = (
			);
			runOnlyForDeploymentPostprocessing = 0;
		};
/* End PBXFrameworksBuildPhase section */

/* Begin PBXGroup section */
		0B9465A024089C420027864E /* ViewControllers */ = {
			isa = PBXGroup;
			children = (
				0B9956992410589600F4D06F /* PolyWordsViewController.swift */,
				1384A38022C1B3C2006036BA /* ViewController.swift */,
				0B9465972408848D0027864E /* GuideViewController.swift */,
				0B5DC9E42405F47F00827383 /* ViewController2.swift */,
				0BB446622407636D0006E805 /* WordsViewController.swift */,
				0BB4466524077C9A0006E805 /* WordsViewController2.swift */,
				0B9465A42408BE440027864E /* GuideScrollerController.swift */,
				0B7F55F62409682300728B5B /* LongScoreView.swift */,
			);
			path = ViewControllers;
			sourceTree = "<group>";
		};
		130EDE6D22C9C21B00288A31 /* treasure-chest */ = {
			isa = PBXGroup;
			children = (
				130EDE6E22C9C21B00288A31 /* chest.obj */,
				130EDE7122C9C21B00288A31 /* chest.mtl */,
				130EDE7222C9C21B00288A31 /* license.txt */,
			);
			path = "treasure-chest";
			sourceTree = "<group>";
		};
		1384A36622C1B388006036BA = {
			isa = PBXGroup;
			children = (
				1384A37122C1B388006036BA /* PolyWords */,
				1384A3DA22C1F04B006036BA /* PolyWords-iOS */,
				1384A3F522C1F210006036BA /* PolyWords-macOS */,
				1384A37022C1B388006036BA /* Products */,
			);
			sourceTree = "<group>";
		};
		1384A37022C1B388006036BA /* Products */ = {
			isa = PBXGroup;
			children = (
				1384A36F22C1B388006036BA /* PolyWords-macOS.app */,
				1384A3D922C1F04B006036BA /* PolyWords-iOS.app */,
			);
			name = Products;
			sourceTree = "<group>";
		};
		1384A37122C1B388006036BA /* PolyWords */ = {
			isa = PBXGroup;
			children = (
				0B11CA70240F35F1001B76A2 /* AppConstants.swift */,
				0B7F55F9240973B000728B5B /* AppController.swift */,
				1384A37422C1B389006036BA /* Assets.xcassets */,
				0B5DC9CC2405D3C800827383 /* BasePolygon.swift */,
				0B5DCA002406F21800827383 /* BufferProvider.swift */,
				130F080E22C434CF001B7909 /* Camera.swift */,
				0B11CA71240F3EDD001B76A2 /* EncodeDecode.swift */,
				0B5DC9D82405D62100827383 /* Extensions.swift */,
				0B5DC9B42405D27900827383 /* GameScene.swift */,
				0B62E95A240DC7CC006C7FE3 /* HighScores.swift */,
				0B9286DA2411BD24008CAC19 /* PostScoreController.swift */,
				0B62E95F240DCA27006C7FE3 /* HighWords.swift */,
				13EBBB3E22C6FDA500230D2B /* Lighting.swift */,
				130F081422C43563001B7909 /* Mesh.swift */,
				0B5DC9DE2405D7A700827383 /* MetalTexture.swift */,
				130F081122C4352D001B7909 /* Model.swift */,
				1384A39622C1DFC2006036BA /* Models */,
				0B9956A32410CB6500F4D06F /* MyActionSheet.swift */,
				0B5DC9C62405D38500827383 /* MyPolygon.swift */,
				130F080B22C4343D001B7909 /* Node.swift */,
				0B9956952410038A00F4D06F /* PauseDelegate.swift */,
				130EDE6A22C9BE9100288A31 /* PBR.metal */,
				0B99569B24105CA800F4D06F /* Polygons.swift */,
				0B5DC9C92405D39800827383 /* Polyhedron.swift */,
				0B11CA74240F4035001B76A2 /* PolyWordsView.swift */,
				1384A38A22C1BA95006036BA /* Primitive.swift */,
				0B9956932410016400F4D06F /* PullDataController.swift */,
				0B99569724100B4E00F4D06F /* PushDataController.swift */,
				0B5DC9C32405D37200827383 /* Renderable.swift */,
				1384A38822C1B53E006036BA /* Renderer.swift */,
				0B5DC9AE2405D25A00827383 /* Scene.swift */,
				1384A38C22C1BE70006036BA /* Shaders.metal */,
				0B5DC9BD2405D29E00827383 /* SQLiteDatabase.swift */,
				130F081722C435A0001B7909 /* Submesh.swift */,
				139D235222C851DC00C6DB03 /* Texturable.swift */,
				139D235522C86C1E00C6DB03 /* Textures.xcassets */,
				0B5DC9BA2405D28C00827383 /* TitleIntegrator.swift */,
				0B5DC9B72405D28300827383 /* TitleScene.swift */,
				0B5DC9B12405D26F00827383 /* TrackBall.swift */,
				0B9956A52410D1FB00F4D06F /* UpgradeDelegate.swift */,
				13A7ABC722C2374C00609310 /* Utility */,
				130F081A22C436F9001B7909 /* VertexDescriptor.swift */,
				0B9465A024089C420027864E /* ViewControllers */,
				0B5DC9C02405D2A400827383 /* Words.swift */,
				0B9956A12410B66B00F4D06F /* WordsDB.swift */,
			);
			path = PolyWords;
			sourceTree = "<group>";
		};
		1384A39622C1DFC2006036BA /* Models */ = {
			isa = PBXGroup;
			children = (
				0B94659D24089C0E0027864E /* TestPolyhedron.obj */,
				0B94659A24089C010027864E /* TestPolyhedron.mtl */,
				0B5DC9F924060E2200827383 /* TitleQuad.mtl */,
				0B5DC9E82406020F00827383 /* Title1.mtl */,
				0B5DC9E72406020F00827383 /* Title1.obj */,
				0B5DC9ED2406032800827383 /* Title2.obj */,
				0B5DC9EF2406032900827383 /* Title3.obj */,
				0B5DC9F02406032900827383 /* Title4.obj */,
				0B5DC9EE2406032800827383 /* Title5.obj */,
				0B5DC9AB2405C52C00827383 /* wood_original.jpg */,
				13E3141C22C977F000E0B48D /* cottage1.mtl */,
				13E3141F22C977F000E0B48D /* cottage1.obj */,
				13E3142122C977F000E0B48D /* cottage2.mtl */,
				13E3142022C977F000E0B48D /* cottage2.obj */,
				13E3141E22C977F000E0B48D /* cube.mtl */,
				13E3141D22C977F000E0B48D /* cube.obj */,
				130EDE6D22C9C21B00288A31 /* treasure-chest */,
			);
			path = Models;
			sourceTree = "<group>";
		};
		1384A3DA22C1F04B006036BA /* PolyWords-iOS */ = {
			isa = PBXGroup;
			children = (
				130F082C22C43CC8001B7909 /* ViewControllerExtension.swift */,
				1384A3ED22C1F0A7006036BA /* LocalClasses.swift */,
				1384A3E122C1F04B006036BA /* Main.storyboard */,
				1384A3E422C1F04D006036BA /* Assets.xcassets */,
				1384A3E622C1F04D006036BA /* LaunchScreen.storyboard */,
				1384A3E922C1F04D006036BA /* Info.plist */,
			);
			path = "PolyWords-iOS";
			sourceTree = "<group>";
		};
		1384A3F522C1F210006036BA /* PolyWords-macOS */ = {
			isa = PBXGroup;
			children = (
				130F082922C43C57001B7909 /* ViewControllerExtension.swift */,
				1384A37222C1B388006036BA /* LocalClasses.swift */,
				1384A37622C1B389006036BA /* Main.storyboard */,
				1384A37922C1B389006036BA /* Info.plist */,
				1384A37A22C1B389006036BA /* Materials.entitlements */,
			);
			path = "PolyWords-macOS";
			sourceTree = "<group>";
		};
		13A7ABC722C2374C00609310 /* Utility */ = {
			isa = PBXGroup;
			children = (
				13A7ABC422C2374400609310 /* MathLibrary.swift */,
			);
			path = Utility;
			sourceTree = "<group>";
		};
/* End PBXGroup section */

/* Begin PBXNativeTarget section */
		1384A36E22C1B388006036BA /* PolyWords-macOS */ = {
			isa = PBXNativeTarget;
			buildConfigurationList = 1384A37D22C1B389006036BA /* Build configuration list for PBXNativeTarget "PolyWords-macOS" */;
			buildPhases = (
				1384A36B22C1B388006036BA /* Sources */,
				1384A36C22C1B388006036BA /* Frameworks */,
				1384A36D22C1B388006036BA /* Resources */,
			);
			buildRules = (
			);
			dependencies = (
			);
			name = "PolyWords-macOS";
			productName = Pipeline;
			productReference = 1384A36F22C1B388006036BA /* PolyWords-macOS.app */;
			productType = "com.apple.product-type.application";
		};
		1384A3D822C1F04B006036BA /* PolyWords-iOS */ = {
			isa = PBXNativeTarget;
			buildConfigurationList = 1384A3EA22C1F04D006036BA /* Build configuration list for PBXNativeTarget "PolyWords-iOS" */;
			buildPhases = (
				1384A3D522C1F04B006036BA /* Sources */,
				1384A3D622C1F04B006036BA /* Frameworks */,
				1384A3D722C1F04B006036BA /* Resources */,
			);
			buildRules = (
			);
			dependencies = (
			);
			name = "PolyWords-iOS";
			productName = "Pipeline-iOS";
			productReference = 1384A3D922C1F04B006036BA /* PolyWords-iOS.app */;
			productType = "com.apple.product-type.application";
		};
/* End PBXNativeTarget section */

/* Begin PBXProject section */
		1384A36722C1B388006036BA /* Project object */ = {
			isa = PBXProject;
			attributes = {
				LastSwiftUpdateCheck = 1100;
				LastUpgradeCheck = 1130;
				ORGANIZATIONNAME = Razeware;
				TargetAttributes = {
					1384A36E22C1B388006036BA = {
						CreatedOnToolsVersion = 11.0;
						LastSwiftMigration = 1130;
					};
					1384A3D822C1F04B006036BA = {
						CreatedOnToolsVersion = 11.0;
						LastSwiftMigration = 1130;
					};
				};
			};
			buildConfigurationList = 1384A36A22C1B388006036BA /* Build configuration list for PBXProject "PolyWords" */;
			compatibilityVersion = "Xcode 9.3";
			developmentRegion = en;
			hasScannedForEncodings = 0;
			knownRegions = (
				en,
				Base,
			);
			mainGroup = 1384A36622C1B388006036BA;
			productRefGroup = 1384A37022C1B388006036BA /* Products */;
			projectDirPath = "";
			projectRoot = "";
			targets = (
				1384A36E22C1B388006036BA /* PolyWords-macOS */,
				1384A3D822C1F04B006036BA /* PolyWords-iOS */,
			);
		};
/* End PBXProject section */

/* Begin PBXResourcesBuildPhase section */
		1384A36D22C1B388006036BA /* Resources */ = {
			isa = PBXResourcesBuildPhase;
			buildActionMask = 2147483647;
			files = (
				130EDE7A22C9C21C00288A31 /* chest.mtl in Resources */,
				0B5DC9F12406032900827383 /* Title2.obj in Resources */,
				0B94659B24089C010027864E /* TestPolyhedron.mtl in Resources */,
				13E3142622C977F000E0B48D /* cube.mtl in Resources */,
				0B5DC9F32406032900827383 /* Title5.obj in Resources */,
				0B5DC9FA24060E2200827383 /* TitleQuad.mtl in Resources */,
				1384A37522C1B389006036BA /* Assets.xcassets in Resources */,
				13E3142422C977F000E0B48D /* cube.obj in Resources */,
				130EDE7422C9C21C00288A31 /* chest.obj in Resources */,
				0B94659E24089C0E0027864E /* TestPolyhedron.obj in Resources */,
				0B5DC9E92406020F00827383 /* Title1.obj in Resources */,
				1384A37822C1B389006036BA /* Main.storyboard in Resources */,
				13E3142C22C977F000E0B48D /* cottage2.mtl in Resources */,
				13E3142822C977F000E0B48D /* cottage1.obj in Resources */,
				130EDE7C22C9C21C00288A31 /* license.txt in Resources */,
				0B5DC9EB2406020F00827383 /* Title1.mtl in Resources */,
				139D235622C86C1E00C6DB03 /* Textures.xcassets in Resources */,
				0B5DC9F52406032900827383 /* Title3.obj in Resources */,
				0B5DC9F72406032900827383 /* Title4.obj in Resources */,
				13E3142A22C977F000E0B48D /* cottage2.obj in Resources */,
				0B5DC9AC2405C52C00827383 /* wood_original.jpg in Resources */,
				13E3142222C977F000E0B48D /* cottage1.mtl in Resources */,
			);
			runOnlyForDeploymentPostprocessing = 0;
		};
		1384A3D722C1F04B006036BA /* Resources */ = {
			isa = PBXResourcesBuildPhase;
			buildActionMask = 2147483647;
			files = (
				130EDE7522C9C21C00288A31 /* chest.obj in Resources */,
				0B94659C24089C010027864E /* TestPolyhedron.mtl in Resources */,
				13E3142522C977F000E0B48D /* cube.obj in Resources */,
				13E3142B22C977F000E0B48D /* cottage2.obj in Resources */,
				0B5DC9F22406032900827383 /* Title2.obj in Resources */,
				1384A3E822C1F04D006036BA /* LaunchScreen.storyboard in Resources */,
				1384A3E522C1F04D006036BA /* Assets.xcassets in Resources */,
				0B5DC9FB24060E2200827383 /* TitleQuad.mtl in Resources */,
				0B5DC9F42406032900827383 /* Title5.obj in Resources */,
				13E3142D22C977F000E0B48D /* cottage2.mtl in Resources */,
				130EDE7D22C9C21C00288A31 /* license.txt in Resources */,
				0B5DC9F82406032900827383 /* Title4.obj in Resources */,
				139D235722C86C1E00C6DB03 /* Textures.xcassets in Resources */,
				0B5DC9EC2406020F00827383 /* Title1.mtl in Resources */,
				1384A3E322C1F04B006036BA /* Main.storyboard in Resources */,
				130EDE7B22C9C21C00288A31 /* chest.mtl in Resources */,
				13E3142922C977F000E0B48D /* cottage1.obj in Resources */,
				13E3142322C977F000E0B48D /* cottage1.mtl in Resources */,
				0B5DC9AD2405C52C00827383 /* wood_original.jpg in Resources */,
				0B94659F24089C0E0027864E /* TestPolyhedron.obj in Resources */,
				13E3142722C977F000E0B48D /* cube.mtl in Resources */,
				0B5DC9F62406032900827383 /* Title3.obj in Resources */,
				0B5DC9EA2406020F00827383 /* Title1.obj in Resources */,
			);
			runOnlyForDeploymentPostprocessing = 0;
		};
/* End PBXResourcesBuildPhase section */

/* Begin PBXSourcesBuildPhase section */
		1384A36B22C1B388006036BA /* Sources */ = {
			isa = PBXSourcesBuildPhase;
			buildActionMask = 2147483647;
			files = (
				130F081822C435A0001B7909 /* Submesh.swift in Sources */,
				0B5DC9B52405D27A00827383 /* GameScene.swift in Sources */,
				0B99569824100B4E00F4D06F /* PushDataController.swift in Sources */,
				0B11CA75240F4035001B76A2 /* PolyWordsView.swift in Sources */,
				130F081222C4352D001B7909 /* Model.swift in Sources */,
				13EBBB3F22C6FDA500230D2B /* Lighting.swift in Sources */,
				0B99569A2410589600F4D06F /* PolyWordsViewController.swift in Sources */,
				0B62E95E240DC97D006C7FE3 /* AppController.swift in Sources */,
				130F081B22C436F9001B7909 /* VertexDescriptor.swift in Sources */,
				0B11CA72240F3EDD001B76A2 /* EncodeDecode.swift in Sources */,
				139D235322C851DC00C6DB03 /* Texturable.swift in Sources */,
				130F082A22C43C57001B7909 /* ViewControllerExtension.swift in Sources */,
				0B5DC9BB2405D28C00827383 /* TitleIntegrator.swift in Sources */,
				0B9956A72410D49F00F4D06F /* UpgradeDelegate.swift in Sources */,
				0B5DCA012406F21800827383 /* BufferProvider.swift in Sources */,
				0B9956A42410CB6500F4D06F /* MyActionSheet.swift in Sources */,
				0B5DC9BE2405D29F00827383 /* SQLiteDatabase.swift in Sources */,
				130F080F22C434CF001B7909 /* Camera.swift in Sources */,
				1384A38122C1B3C2006036BA /* ViewController.swift in Sources */,
				1384A38922C1B53E006036BA /* Renderer.swift in Sources */,
				130F081522C43563001B7909 /* Mesh.swift in Sources */,
				0B9956942410016400F4D06F /* PullDataController.swift in Sources */,
				0B5DC9AF2405D25A00827383 /* Scene.swift in Sources */,
				0B9956A22410B66B00F4D06F /* WordsDB.swift in Sources */,
				0B9286DB2411BD24008CAC19 /* PostScoreController.swift in Sources */,
				1384A37322C1B388006036BA /* LocalClasses.swift in Sources */,
				0B5DC9C42405D37300827383 /* Renderable.swift in Sources */,
				0B5DC9B22405D26F00827383 /* TrackBall.swift in Sources */,
				0B5DC9DF2405D7A700827383 /* MetalTexture.swift in Sources */,
				1384A38B22C1BA95006036BA /* Primitive.swift in Sources */,
				0B99569C24105CA800F4D06F /* Polygons.swift in Sources */,
				0B5DC9C72405D38600827383 /* MyPolygon.swift in Sources */,
				1384A38D22C1BE70006036BA /* Shaders.metal in Sources */,
				0B62E95B240DC7CC006C7FE3 /* HighScores.swift in Sources */,
				0B9956962410038A00F4D06F /* PauseDelegate.swift in Sources */,
				0B5DC9CD2405D3C800827383 /* BasePolygon.swift in Sources */,
				0B62E960240DCA27006C7FE3 /* HighWords.swift in Sources */,
				13A7ABC522C2374400609310 /* MathLibrary.swift in Sources */,
				0B5DC9CA2405D39800827383 /* Polyhedron.swift in Sources */,
				0B5DC9FD2406C55800827383 /* Extensions.swift in Sources */,
				0B5DC9C12405D2A400827383 /* Words.swift in Sources */,
				130F080C22C4343D001B7909 /* Node.swift in Sources */,
				0B5DC9B82405D28300827383 /* TitleScene.swift in Sources */,
			);
			runOnlyForDeploymentPostprocessing = 0;
		};
		1384A3D522C1F04B006036BA /* Sources */ = {
			isa = PBXSourcesBuildPhase;
			buildActionMask = 2147483647;
			files = (
				130F081922C435A0001B7909 /* Submesh.swift in Sources */,
				0B946599240884AD0027864E /* GuideViewController.swift in Sources */,
				0B62E95C240DC7CC006C7FE3 /* HighScores.swift in Sources */,
				0B5DC9B62405D27A00827383 /* GameScene.swift in Sources */,
				130F081322C4352D001B7909 /* Model.swift in Sources */,
				13EBBB4022C6FDA500230D2B /* Lighting.swift in Sources */,
				0B11CA76240F4035001B76A2 /* PolyWordsView.swift in Sources */,
				130F081C22C436F9001B7909 /* VertexDescriptor.swift in Sources */,
				139D235422C851DC00C6DB03 /* Texturable.swift in Sources */,
				130F081022C434CF001B7909 /* Camera.swift in Sources */,
				0B62E961240DCA27006C7FE3 /* HighWords.swift in Sources */,
				0B5DC9BC2405D28C00827383 /* TitleIntegrator.swift in Sources */,
				0B5DCA022406F21800827383 /* BufferProvider.swift in Sources */,
				0B5DC9BF2405D29F00827383 /* SQLiteDatabase.swift in Sources */,
				0B7F55FB2409741100728B5B /* AppController.swift in Sources */,
				1384A3F122C1F12C006036BA /* Shaders.metal in Sources */,
				1384A3EE22C1F0A7006036BA /* LocalClasses.swift in Sources */,
				0B9465A62408BE450027864E /* GuideScrollerController.swift in Sources */,
				130F081622C43563001B7909 /* Mesh.swift in Sources */,
				1384A3F222C1F12E006036BA /* Primitive.swift in Sources */,
				0B5DC9B02405D25A00827383 /* Scene.swift in Sources */,
				1384A3EF22C1F11D006036BA /* ViewController.swift in Sources */,
				0B5DC9C52405D37300827383 /* Renderable.swift in Sources */,
				0BB446642407636E0006E805 /* WordsViewController.swift in Sources */,
				0B5DC9B32405D26F00827383 /* TrackBall.swift in Sources */,
				0B5DC9E02405D7A700827383 /* MetalTexture.swift in Sources */,
				0BB4466624077C9A0006E805 /* WordsViewController2.swift in Sources */,
				1384A3F022C1F12A006036BA /* Renderer.swift in Sources */,
				0B5DC9C82405D38600827383 /* MyPolygon.swift in Sources */,
				130F082D22C43CC8001B7909 /* ViewControllerExtension.swift in Sources */,
				0B11CA73240F3EDE001B76A2 /* EncodeDecode.swift in Sources */,
				0B5DC9CE2405D3C800827383 /* BasePolygon.swift in Sources */,
				13A7ABC622C2374400609310 /* MathLibrary.swift in Sources */,
				0B5DC9CB2405D39800827383 /* Polyhedron.swift in Sources */,
				0B5DC9FC2406C55800827383 /* Extensions.swift in Sources */,
				0B5DC9C22405D2A400827383 /* Words.swift in Sources */,
				130F080D22C4343D001B7909 /* Node.swift in Sources */,
				0B5DC9B92405D28300827383 /* TitleScene.swift in Sources */,
			);
			runOnlyForDeploymentPostprocessing = 0;
		};
/* End PBXSourcesBuildPhase section */

/* Begin PBXVariantGroup section */
		1384A37622C1B389006036BA /* Main.storyboard */ = {
			isa = PBXVariantGroup;
			children = (
				1384A37722C1B389006036BA /* Base */,
			);
			name = Main.storyboard;
			sourceTree = "<group>";
		};
		1384A3E122C1F04B006036BA /* Main.storyboard */ = {
			isa = PBXVariantGroup;
			children = (
				1384A3E222C1F04B006036BA /* Base */,
			);
			name = Main.storyboard;
			sourceTree = "<group>";
		};
		1384A3E622C1F04D006036BA /* LaunchScreen.storyboard */ = {
			isa = PBXVariantGroup;
			children = (
				1384A3E722C1F04D006036BA /* Base */,
			);
			name = LaunchScreen.storyboard;
			sourceTree = "<group>";
		};
/* End PBXVariantGroup section */

/* Begin XCBuildConfiguration section */
		1384A37B22C1B389006036BA /* Debug */ = {
			isa = XCBuildConfiguration;
			buildSettings = {
				ALWAYS_SEARCH_USER_PATHS = NO;
				CLANG_ANALYZER_NONNULL = YES;
				CLANG_ANALYZER_NUMBER_OBJECT_CONVERSION = YES_AGGRESSIVE;
				CLANG_CXX_LANGUAGE_STANDARD = "gnu++14";
				CLANG_CXX_LIBRARY = "libc++";
				CLANG_ENABLE_MODULES = YES;
				CLANG_ENABLE_OBJC_ARC = YES;
				CLANG_ENABLE_OBJC_WEAK = YES;
				CLANG_WARN_BLOCK_CAPTURE_AUTORELEASING = YES;
				CLANG_WARN_BOOL_CONVERSION = YES;
				CLANG_WARN_COMMA = YES;
				CLANG_WARN_CONSTANT_CONVERSION = YES;
				CLANG_WARN_DEPRECATED_OBJC_IMPLEMENTATIONS = YES;
				CLANG_WARN_DIRECT_OBJC_ISA_USAGE = YES_ERROR;
				CLANG_WARN_DOCUMENTATION_COMMENTS = YES;
				CLANG_WARN_EMPTY_BODY = YES;
				CLANG_WARN_ENUM_CONVERSION = YES;
				CLANG_WARN_INFINITE_RECURSION = YES;
				CLANG_WARN_INT_CONVERSION = YES;
				CLANG_WARN_NON_LITERAL_NULL_CONVERSION = YES;
				CLANG_WARN_OBJC_IMPLICIT_RETAIN_SELF = YES;
				CLANG_WARN_OBJC_LITERAL_CONVERSION = YES;
				CLANG_WARN_OBJC_ROOT_CLASS = YES_ERROR;
				CLANG_WARN_RANGE_LOOP_ANALYSIS = YES;
				CLANG_WARN_STRICT_PROTOTYPES = YES;
				CLANG_WARN_SUSPICIOUS_MOVE = YES;
				CLANG_WARN_UNGUARDED_AVAILABILITY = YES_AGGRESSIVE;
				CLANG_WARN_UNREACHABLE_CODE = YES;
				CLANG_WARN__DUPLICATE_METHOD_MATCH = YES;
				COPY_PHASE_STRIP = NO;
				DEBUG_INFORMATION_FORMAT = dwarf;
				ENABLE_STRICT_OBJC_MSGSEND = YES;
				ENABLE_TESTABILITY = YES;
				GCC_C_LANGUAGE_STANDARD = gnu11;
				GCC_DYNAMIC_NO_PIC = NO;
				GCC_NO_COMMON_BLOCKS = YES;
				GCC_OPTIMIZATION_LEVEL = 0;
				GCC_PREPROCESSOR_DEFINITIONS = (
					"DEBUG=1",
					"$(inherited)",
				);
				GCC_WARN_64_TO_32_BIT_CONVERSION = YES;
				GCC_WARN_ABOUT_RETURN_TYPE = YES_ERROR;
				GCC_WARN_UNDECLARED_SELECTOR = YES;
				GCC_WARN_UNINITIALIZED_AUTOS = YES_AGGRESSIVE;
				GCC_WARN_UNUSED_FUNCTION = YES;
				GCC_WARN_UNUSED_VARIABLE = YES;
				MACOSX_DEPLOYMENT_TARGET = 10.15;
				MTL_ENABLE_DEBUG_INFO = INCLUDE_SOURCE;
				MTL_FAST_MATH = YES;
				ONLY_ACTIVE_ARCH = YES;
				SDKROOT = macosx;
				SWIFT_ACTIVE_COMPILATION_CONDITIONS = DEBUG;
				SWIFT_OBJC_BRIDGING_HEADER = PolyWords/Common.h;
				SWIFT_OPTIMIZATION_LEVEL = "-Onone";
			};
			name = Debug;
		};
		1384A37C22C1B389006036BA /* Release */ = {
			isa = XCBuildConfiguration;
			buildSettings = {
				ALWAYS_SEARCH_USER_PATHS = NO;
				CLANG_ANALYZER_NONNULL = YES;
				CLANG_ANALYZER_NUMBER_OBJECT_CONVERSION = YES_AGGRESSIVE;
				CLANG_CXX_LANGUAGE_STANDARD = "gnu++14";
				CLANG_CXX_LIBRARY = "libc++";
				CLANG_ENABLE_MODULES = YES;
				CLANG_ENABLE_OBJC_ARC = YES;
				CLANG_ENABLE_OBJC_WEAK = YES;
				CLANG_WARN_BLOCK_CAPTURE_AUTORELEASING = YES;
				CLANG_WARN_BOOL_CONVERSION = YES;
				CLANG_WARN_COMMA = YES;
				CLANG_WARN_CONSTANT_CONVERSION = YES;
				CLANG_WARN_DEPRECATED_OBJC_IMPLEMENTATIONS = YES;
				CLANG_WARN_DIRECT_OBJC_ISA_USAGE = YES_ERROR;
				CLANG_WARN_DOCUMENTATION_COMMENTS = YES;
				CLANG_WARN_EMPTY_BODY = YES;
				CLANG_WARN_ENUM_CONVERSION = YES;
				CLANG_WARN_INFINITE_RECURSION = YES;
				CLANG_WARN_INT_CONVERSION = YES;
				CLANG_WARN_NON_LITERAL_NULL_CONVERSION = YES;
				CLANG_WARN_OBJC_IMPLICIT_RETAIN_SELF = YES;
				CLANG_WARN_OBJC_LITERAL_CONVERSION = YES;
				CLANG_WARN_OBJC_ROOT_CLASS = YES_ERROR;
				CLANG_WARN_RANGE_LOOP_ANALYSIS = YES;
				CLANG_WARN_STRICT_PROTOTYPES = YES;
				CLANG_WARN_SUSPICIOUS_MOVE = YES;
				CLANG_WARN_UNGUARDED_AVAILABILITY = YES_AGGRESSIVE;
				CLANG_WARN_UNREACHABLE_CODE = YES;
				CLANG_WARN__DUPLICATE_METHOD_MATCH = YES;
				COPY_PHASE_STRIP = NO;
				DEBUG_INFORMATION_FORMAT = "dwarf-with-dsym";
				ENABLE_NS_ASSERTIONS = NO;
				ENABLE_STRICT_OBJC_MSGSEND = YES;
				GCC_C_LANGUAGE_STANDARD = gnu11;
				GCC_NO_COMMON_BLOCKS = YES;
				GCC_WARN_64_TO_32_BIT_CONVERSION = YES;
				GCC_WARN_ABOUT_RETURN_TYPE = YES_ERROR;
				GCC_WARN_UNDECLARED_SELECTOR = YES;
				GCC_WARN_UNINITIALIZED_AUTOS = YES_AGGRESSIVE;
				GCC_WARN_UNUSED_FUNCTION = YES;
				GCC_WARN_UNUSED_VARIABLE = YES;
				MACOSX_DEPLOYMENT_TARGET = 10.15;
				MTL_ENABLE_DEBUG_INFO = NO;
				MTL_FAST_MATH = YES;
				SDKROOT = macosx;
				SWIFT_COMPILATION_MODE = wholemodule;
				SWIFT_OBJC_BRIDGING_HEADER = PolyWords/Common.h;
				SWIFT_OPTIMIZATION_LEVEL = "-O";
			};
			name = Release;
		};
		1384A37E22C1B389006036BA /* Debug */ = {
			isa = XCBuildConfiguration;
			buildSettings = {
				ASSETCATALOG_COMPILER_APPICON_NAME = AppIcon;
				CLANG_ENABLE_MODULES = YES;
				CODE_SIGN_ENTITLEMENTS = "Materials-macOS/Materials.entitlements";
				CODE_SIGN_IDENTITY = "-";
				CODE_SIGN_STYLE = Automatic;
				COMBINE_HIDPI_IMAGES = YES;
				DEVELOPMENT_TEAM = 567YC6JLS4;
				INFOPLIST_FILE = "Polywords-macOS/Info.plist";
				LD_RUNPATH_SEARCH_PATHS = (
					"$(inherited)",
					"@executable_path/../Frameworks",
				);
				PRODUCT_BUNDLE_IDENTIFIER = com.smallFeats.Materials;
				PRODUCT_NAME = "$(TARGET_NAME)";
				SWIFT_OPTIMIZATION_LEVEL = "-Onone";
				SWIFT_VERSION = 5.0;
			};
			name = Debug;
		};
		1384A37F22C1B389006036BA /* Release */ = {
			isa = XCBuildConfiguration;
			buildSettings = {
				ASSETCATALOG_COMPILER_APPICON_NAME = AppIcon;
				CLANG_ENABLE_MODULES = YES;
				CODE_SIGN_ENTITLEMENTS = "Materials-macOS/Materials.entitlements";
				CODE_SIGN_IDENTITY = "-";
				CODE_SIGN_STYLE = Automatic;
				COMBINE_HIDPI_IMAGES = YES;
				DEVELOPMENT_TEAM = 567YC6JLS4;
				INFOPLIST_FILE = "Polywords-macOS/Info.plist";
				LD_RUNPATH_SEARCH_PATHS = (
					"$(inherited)",
					"@executable_path/../Frameworks",
				);
				PRODUCT_BUNDLE_IDENTIFIER = com.smallFeats.Materials;
				PRODUCT_NAME = "$(TARGET_NAME)";
				SWIFT_VERSION = 5.0;
			};
			name = Release;
		};
		1384A3EB22C1F04D006036BA /* Debug */ = {
			isa = XCBuildConfiguration;
			buildSettings = {
				ASSETCATALOG_COMPILER_APPICON_NAME = AppIcon;
				CLANG_ENABLE_MODULES = YES;
				CODE_SIGN_STYLE = Automatic;
				DEVELOPMENT_TEAM = 567YC6JLS4;
				INFOPLIST_FILE = "PolyWords-iOS/Info.plist";
				IPHONEOS_DEPLOYMENT_TARGET = 13.0;
				LD_RUNPATH_SEARCH_PATHS = (
					"$(inherited)",
					"@executable_path/Frameworks",
				);
				PRODUCT_BUNDLE_IDENTIFIER = "com.smallFeatsf.Materials-iOS";
				PRODUCT_NAME = "$(TARGET_NAME)";
				SDKROOT = iphoneos;
				SWIFT_OPTIMIZATION_LEVEL = "-Onone";
				SWIFT_VERSION = 5.0;
				TARGETED_DEVICE_FAMILY = "1,2";
			};
			name = Debug;
		};
		1384A3EC22C1F04D006036BA /* Release */ = {
			isa = XCBuildConfiguration;
			buildSettings = {
				ASSETCATALOG_COMPILER_APPICON_NAME = AppIcon;
				CLANG_ENABLE_MODULES = YES;
				CODE_SIGN_STYLE = Automatic;
				DEVELOPMENT_TEAM = 567YC6JLS4;
				INFOPLIST_FILE = "PolyWords-iOS/Info.plist";
				IPHONEOS_DEPLOYMENT_TARGET = 13.0;
				LD_RUNPATH_SEARCH_PATHS = (
					"$(inherited)",
					"@executable_path/Frameworks",
				);
				PRODUCT_BUNDLE_IDENTIFIER = "com.smallFeatsf.Materials-iOS";
				PRODUCT_NAME = "$(TARGET_NAME)";
				SDKROOT = iphoneos;
				SWIFT_VERSION = 5.0;
				TARGETED_DEVICE_FAMILY = "1,2";
				VALIDATE_PRODUCT = YES;
			};
			name = Release;
		};
/* End XCBuildConfiguration section */

/* Begin XCConfigurationList section */
		1384A36A22C1B388006036BA /* Build configuration list for PBXProject "PolyWords" */ = {
			isa = XCConfigurationList;
			buildConfigurations = (
				1384A37B22C1B389006036BA /* Debug */,
				1384A37C22C1B389006036BA /* Release */,
			);
			defaultConfigurationIsVisible = 0;
			defaultConfigurationName = Release;
		};
		1384A37D22C1B389006036BA /* Build configuration list for PBXNativeTarget "PolyWords-macOS" */ = {
			isa = XCConfigurationList;
			buildConfigurations = (
				1384A37E22C1B389006036BA /* Debug */,
				1384A37F22C1B389006036BA /* Release */,
			);
			defaultConfigurationIsVisible = 0;
			defaultConfigurationName = Release;
		};
		1384A3EA22C1F04D006036BA /* Build configuration list for PBXNativeTarget "PolyWords-iOS" */ = {
			isa = XCConfigurationList;
			buildConfigurations = (
				1384A3EB22C1F04D006036BA /* Debug */,
				1384A3EC22C1F04D006036BA /* Release */,
			);
			defaultConfigurationIsVisible = 0;
			defaultConfigurationName = Release;
		};
/* End XCConfigurationList section */
	};
	rootObject = 1384A36722C1B388006036BA /* Project object */;
}
